
Microsoft Visual Studio Solution File, Format Version 12.00
# Visual Studio 2015
Project("{FAE04EC0-301F-11D3-BF4B-00C04F79EFBC}") = "DepthBufferExamples", "DepthBufferExamples.csproj", "{5D6389E4-CA26-8B49-386A-364E1DD09460}"
EndProject
Project("{FAE04EC0-301F-11D3-BF4B-00C04F79EFBC}") = "DepthBufferExamples.Editor", "DepthBufferExamples.Editor.csproj", "{DC6043A1-647B-7488-383C-B60E9F5C2D85}"
EndProject
Global
	GlobalSection(SolutionConfigurationPlatforms) = preSolution
		Debug|Any CPU = Debug|Any CPU
		Release|Any CPU = Release|Any CPU
	EndGlobalSection
	GlobalSection(ProjectConfigurationPlatforms) = postSolution
		{5D6389E4-CA26-8B49-386A-364E1DD09460}.Debug|Any CPU.ActiveCfg = Debug|Any CPU
		{5D6389E4-CA26-8B49-386A-364E1DD09460}.Debug|Any CPU.Build.0 = Debug|Any CPU
		{5D6389E4-CA26-8B49-386A-364E1DD09460}.Release|Any CPU.ActiveCfg = Release|Any CPU
		{5D6389E4-CA26-8B49-386A-364E1DD09460}.Release|Any CPU.Build.0 = Release|Any CPU
		{DC6043A1-647B-7488-383C-B60E9F5C2D85}.Debug|Any CPU.ActiveCfg = Debug|Any CPU
		{DC6043A1-647B-7488-383C-B60E9F5C2D85}.Debug|Any CPU.Build.0 = Debug|Any CPU
		{DC6043A1-647B-7488-383C-B60E9F5C2D85}.Release|Any CPU.ActiveCfg = Release|Any CPU
		{DC6043A1-647B-7488-383C-B60E9F5C2D85}.Release|Any CPU.Build.0 = Release|Any CPU
	EndGlobalSection
	GlobalSection(SolutionProperties) = preSolution
		HideSolutionNode = FALSE
	EndGlobalSection
EndGlobal
